
Microsoft Visual Studio Solution File, Format Version 12.00
# Visual Studio Version 17
VisualStudioVersion = 17.9.34607.119
MinimumVisualStudioVersion = 10.0.40219.1
Project("{FAE04EC0-301F-11D3-BF4B-00C04F79EFBC}") = "FunctionApp1", "FunctionApp1\FunctionApp1.csproj", "{7EC353D8-EF50-48F3-935D-7F2AF7DFB00F}"
EndProject
Global
	GlobalSection(SolutionConfigurationPlatforms) = preSolution
		Debug|Any CPU = Debug|Any CPU
		Release|Any CPU = Release|Any CPU
	EndGlobalSection
	GlobalSection(ProjectConfigurationPlatforms) = postSolution
		{7EC353D8-EF50-48F3-935D-7F2AF7DFB00F}.Debug|Any CPU.ActiveCfg = Debug|Any CPU
		{7EC353D8-EF50-48F3-935D-7F2AF7DFB00F}.Debug|Any CPU.Build.0 = Debug|Any CPU
		{7EC353D8-EF50-48F3-935D-7F2AF7DFB00F}.Release|Any CPU.ActiveCfg = Release|Any CPU
		{7EC353D8-EF50-48F3-935D-7F2AF7DFB00F}.Release|Any CPU.Build.0 = Release|Any CPU
	EndGlobalSection
	GlobalSection(SolutionProperties) = preSolution
		HideSolutionNode = FALSE
	EndGlobalSection
	GlobalSection(ExtensibilityGlobals) = postSolution
		SolutionGuid = {14F2A2E3-DB1F-4F33-A08A-F01196199121}
	EndGlobalSection
EndGlobal
